
Microsoft Visual Studio Solution File, Format Version 12.00
# Visual Studio Version 16
VisualStudioVersion = 16.0.29519.181
MinimumVisualStudioVersion = 10.0.40219.1
Project("{FAE04EC0-301F-11D3-BF4B-00C04F79EFBC}") = "MPTagThat", "MPTagThat\MPTagThat.csproj", "{A9C5C373-1662-4E1E-BF04-B1007D815D42}"
EndProject
Project("{FAE04EC0-301F-11D3-BF4B-00C04F79EFBC}") = "MPTagThat.Core", "MPTagThat.Core\MPTagThat.Core.csproj", "{D66C1D7A-A9D8-4F02-9FA4-891A673D2C68}"
EndProject
Project("{2150E333-8FDC-42A3-9474-1A3956D46DE8}") = "UI", "UI", "{DB7C3A80-665F-4B4F-A3EA-36D539C37912}"
EndProject
Project("{FAE04EC0-301F-11D3-BF4B-00C04F79EFBC}") = "MPTagThat.Ribbon", "UI\MPTagThat.Ribbon\MPTagThat.Ribbon.csproj", "{25CDDF0B-6B18-4A1D-834B-987A4BB26F05}"
EndProject
Project("{FAE04EC0-301F-11D3-BF4B-00C04F79EFBC}") = "MPTagThat.Treeview", "UI\MPTagThat.Treeview\MPTagThat.Treeview.csproj", "{0696A5A6-974E-48CB-8506-C10D7FFFABF4}"
EndProject
Project("{FAE04EC0-301F-11D3-BF4B-00C04F79EFBC}") = "MPTagThat.SongGrid", "UI\MPTagThat.SongGrid\MPTagThat.SongGrid.csproj", "{2D3154AF-53C8-40FA-991A-6AB019078915}"
EndProject
Project("{FAE04EC0-301F-11D3-BF4B-00C04F79EFBC}") = "MPTagThat.MiscFiles", "UI\MPTagThat.MiscFiles\MPTagThat.MiscFiles.csproj", "{C01E53E4-98AB-4313-8EBC-6DD7F6BE20BB}"
EndProject
Project("{FAE04EC0-301F-11D3-BF4B-00C04F79EFBC}") = "MPTagThat.TagEdit", "UI\MPTagThat.TagEdit\MPTagThat.TagEdit.csproj", "{43451793-3565-4C80-91A4-C75DAE1B98CD}"
EndProject
Project("{FAE04EC0-301F-11D3-BF4B-00C04F79EFBC}") = "MPTagThat.Dialogs", "UI\MPTagThat.Dialogs\MPTagThat.Dialogs.csproj", "{A4D5A1CC-39CF-4EBB-8C2A-494B34EB0989}"
EndProject
Project("{FAE04EC0-301F-11D3-BF4B-00C04F79EFBC}") = "MPTagThat.Converter", "UI\MPTagThat.Converter\MPTagThat.Converter.csproj", "{19E4D13B-3741-469D-9635-AE1176EE6A0E}"
EndProject
Project("{FAE04EC0-301F-11D3-BF4B-00C04F79EFBC}") = "MPTagThat.Rip", "UI\MPTagThat.Rip\MPTagThat.Rip.csproj", "{509CD006-36C1-4E36-AF17-CFF7DFFC99B9}"
EndProject
Global
	GlobalSection(SolutionConfigurationPlatforms) = preSolution
		Debug|Any CPU = Debug|Any CPU
		Release|Any CPU = Release|Any CPU
	EndGlobalSection
	GlobalSection(ProjectConfigurationPlatforms) = postSolution
		{A9C5C373-1662-4E1E-BF04-B1007D815D42}.Debug|Any CPU.ActiveCfg = Debug|Any CPU
		{A9C5C373-1662-4E1E-BF04-B1007D815D42}.Debug|Any CPU.Build.0 = Debug|Any CPU
		{A9C5C373-1662-4E1E-BF04-B1007D815D42}.Release|Any CPU.ActiveCfg = Release|Any CPU
		{A9C5C373-1662-4E1E-BF04-B1007D815D42}.Release|Any CPU.Build.0 = Release|Any CPU
		{D66C1D7A-A9D8-4F02-9FA4-891A673D2C68}.Debug|Any CPU.ActiveCfg = Debug|Any CPU
		{D66C1D7A-A9D8-4F02-9FA4-891A673D2C68}.Debug|Any CPU.Build.0 = Debug|Any CPU
		{D66C1D7A-A9D8-4F02-9FA4-891A673D2C68}.Release|Any CPU.ActiveCfg = Release|Any CPU
		{D66C1D7A-A9D8-4F02-9FA4-891A673D2C68}.Release|Any CPU.Build.0 = Release|Any CPU
		{25CDDF0B-6B18-4A1D-834B-987A4BB26F05}.Debug|Any CPU.ActiveCfg = Debug|Any CPU
		{25CDDF0B-6B18-4A1D-834B-987A4BB26F05}.Debug|Any CPU.Build.0 = Debug|Any CPU
		{25CDDF0B-6B18-4A1D-834B-987A4BB26F05}.Release|Any CPU.ActiveCfg = Release|Any CPU
		{25CDDF0B-6B18-4A1D-834B-987A4BB26F05}.Release|Any CPU.Build.0 = Release|Any CPU
		{0696A5A6-974E-48CB-8506-C10D7FFFABF4}.Debug|Any CPU.ActiveCfg = Debug|Any CPU
		{0696A5A6-974E-48CB-8506-C10D7FFFABF4}.Debug|Any CPU.Build.0 = Debug|Any CPU
		{0696A5A6-974E-48CB-8506-C10D7FFFABF4}.Release|Any CPU.ActiveCfg = Release|Any CPU
		{0696A5A6-974E-48CB-8506-C10D7FFFABF4}.Release|Any CPU.Build.0 = Release|Any CPU
		{2D3154AF-53C8-40FA-991A-6AB019078915}.Debug|Any CPU.ActiveCfg = Debug|Any CPU
		{2D3154AF-53C8-40FA-991A-6AB019078915}.Debug|Any CPU.Build.0 = Debug|Any CPU
		{2D3154AF-53C8-40FA-991A-6AB019078915}.Release|Any CPU.ActiveCfg = Release|Any CPU
		{2D3154AF-53C8-40FA-991A-6AB019078915}.Release|Any CPU.Build.0 = Release|Any CPU
		{C01E53E4-98AB-4313-8EBC-6DD7F6BE20BB}.Debug|Any CPU.ActiveCfg = Debug|Any CPU
		{C01E53E4-98AB-4313-8EBC-6DD7F6BE20BB}.Debug|Any CPU.Build.0 = Debug|Any CPU
		{C01E53E4-98AB-4313-8EBC-6DD7F6BE20BB}.Release|Any CPU.ActiveCfg = Release|Any CPU
		{C01E53E4-98AB-4313-8EBC-6DD7F6BE20BB}.Release|Any CPU.Build.0 = Release|Any CPU
		{43451793-3565-4C80-91A4-C75DAE1B98CD}.Debug|Any CPU.ActiveCfg = Debug|Any CPU
		{43451793-3565-4C80-91A4-C75DAE1B98CD}.Debug|Any CPU.Build.0 = Debug|Any CPU
		{43451793-3565-4C80-91A4-C75DAE1B98CD}.Release|Any CPU.ActiveCfg = Release|Any CPU
		{43451793-3565-4C80-91A4-C75DAE1B98CD}.Release|Any CPU.Build.0 = Release|Any CPU
		{A4D5A1CC-39CF-4EBB-8C2A-494B34EB0989}.Debug|Any CPU.ActiveCfg = Debug|Any CPU
		{A4D5A1CC-39CF-4EBB-8C2A-494B34EB0989}.Debug|Any CPU.Build.0 = Debug|Any CPU
		{A4D5A1CC-39CF-4EBB-8C2A-494B34EB0989}.Release|Any CPU.ActiveCfg = Release|Any CPU
		{A4D5A1CC-39CF-4EBB-8C2A-494B34EB0989}.Release|Any CPU.Build.0 = Release|Any CPU
		{19E4D13B-3741-469D-9635-AE1176EE6A0E}.Debug|Any CPU.ActiveCfg = Debug|Any CPU
		{19E4D13B-3741-469D-9635-AE1176EE6A0E}.Debug|Any CPU.Build.0 = Debug|Any CPU
		{19E4D13B-3741-469D-9635-AE1176EE6A0E}.Release|Any CPU.ActiveCfg = Release|Any CPU
		{19E4D13B-3741-469D-9635-AE1176EE6A0E}.Release|Any CPU.Build.0 = Release|Any CPU
		{509CD006-36C1-4E36-AF17-CFF7DFFC99B9}.Debug|Any CPU.ActiveCfg = Debug|Any CPU
		{509CD006-36C1-4E36-AF17-CFF7DFFC99B9}.Debug|Any CPU.Build.0 = Debug|Any CPU
		{509CD006-36C1-4E36-AF17-CFF7DFFC99B9}.Release|Any CPU.ActiveCfg = Release|Any CPU
		{509CD006-36C1-4E36-AF17-CFF7DFFC99B9}.Release|Any CPU.Build.0 = Release|Any CPU
	EndGlobalSection
	GlobalSection(SolutionProperties) = preSolution
		HideSolutionNode = FALSE
	EndGlobalSection
	GlobalSection(NestedProjects) = preSolution
		{25CDDF0B-6B18-4A1D-834B-987A4BB26F05} = {DB7C3A80-665F-4B4F-A3EA-36D539C37912}
		{0696A5A6-974E-48CB-8506-C10D7FFFABF4} = {DB7C3A80-665F-4B4F-A3EA-36D539C37912}
		{2D3154AF-53C8-40FA-991A-6AB019078915} = {DB7C3A80-665F-4B4F-A3EA-36D539C37912}
		{C01E53E4-98AB-4313-8EBC-6DD7F6BE20BB} = {DB7C3A80-665F-4B4F-A3EA-36D539C37912}
		{43451793-3565-4C80-91A4-C75DAE1B98CD} = {DB7C3A80-665F-4B4F-A3EA-36D539C37912}
		{A4D5A1CC-39CF-4EBB-8C2A-494B34EB0989} = {DB7C3A80-665F-4B4F-A3EA-36D539C37912}
		{19E4D13B-3741-469D-9635-AE1176EE6A0E} = {DB7C3A80-665F-4B4F-A3EA-36D539C37912}
		{509CD006-36C1-4E36-AF17-CFF7DFFC99B9} = {DB7C3A80-665F-4B4F-A3EA-36D539C37912}
	EndGlobalSection
	GlobalSection(ExtensibilityGlobals) = postSolution
		SolutionGuid = {A885E3F7-B2DD-4902-B3C3-41326E432708}
	EndGlobalSection
EndGlobal
